
Microsoft Visual Studio Solution File, Format Version 12.00
# Visual Studio 15
VisualStudioVersion = 15.0.28307.329
MinimumVisualStudioVersion = 10.0.40219.1
Project("{2150E333-8FDC-42A3-9474-1A3956D46DE8}") = "Solution Items", "Solution Items", "{53940FA8-B349-4126-A38A-7681A1111A58}"
	ProjectSection(SolutionItems) = preProject
		GekkoCS.vsmdi = GekkoCS.vsmdi
		LocalTestRun.testrunconfig = LocalTestRun.testrunconfig
	EndProjectSection
EndProject
Project("{FAE04EC0-301F-11D3-BF4B-00C04F79EFBC}") = "Numerics", "MathNet.Numerics\Numerics.csproj", "{8D2A69DC-7A76-44B3-B976-C078AF604763}"
EndProject
Project("{FAE04EC0-301F-11D3-BF4B-00C04F79EFBC}") = "Gekko", "Gekko\Gekko.csproj", "{977BF459-F717-4C88-992E-D68159D95F45}"
EndProject
Project("{54435603-DBB4-11D2-8724-00A0C9A8B90C}") = "InstallerForGekko", "InstallerForGekko\InstallerForGekko.vdproj", "{1EC4ED89-1035-436A-AF14-BE8771096052}"
EndProject
Project("{FAE04EC0-301F-11D3-BF4B-00C04F79EFBC}") = "alglib", "alglib\alglib.csproj", "{52254553-EF42-469A-BB19-700C9065338A}"
EndProject
Project("{FAE04EC0-301F-11D3-BF4B-00C04F79EFBC}") = "ANTLR", "ANTLR\ANTLR.csproj", "{80843646-B8DD-4BEE-8B8C-5E59E9900463}"
EndProject
Project("{FAE04EC0-301F-11D3-BF4B-00C04F79EFBC}") = "WPF", "WPF\WPF.csproj", "{B77F5428-BEB2-471B-972B-98EF3F0E963D}"
EndProject
Project("{FAE04EC0-301F-11D3-BF4B-00C04F79EFBC}") = "UnitTests", "UnitTests\UnitTests.csproj", "{9B2BAEA1-2E3E-47B6-8752-B827EBFD6350}"
EndProject
Project("{FAE04EC0-301F-11D3-BF4B-00C04F79EFBC}") = "GekkoFlowChart", "GekkoFlowChart\GekkoFlowChart.csproj", "{348405FA-5AAC-4F8B-BB47-211CAD2294AC}"
EndProject
Project("{FAE04EC0-301F-11D3-BF4B-00C04F79EFBC}") = "ZoomAndPan", "GekkoFlowChart\ZoomAndPan\ZoomAndPan.csproj", "{468ADEDE-6F5E-40C0-99C9-C6DAC4FAC934}"
EndProject
Project("{888888A0-9F3D-457C-B088-3A5042F75D52}") = "ML", "ML\ML.pyproj", "{2868122B-8E2D-4B0F-8B1E-21A099A6FACA}"
EndProject
Project("{FAE04EC0-301F-11D3-BF4B-00C04F79EFBC}") = "Deploy", "Deploy\Deploy.csproj", "{0CD98102-1592-44C2-9D82-88DD484F9A60}"
EndProject
Project("{FAE04EC0-301F-11D3-BF4B-00C04F79EFBC}") = "Arrow", "Arrow\Arrow.csproj", "{DEC59EAE-A7D4-4693-A805-31BA9680A527}"
EndProject
Global
	GlobalSection(SolutionConfigurationPlatforms) = preSolution
		Debug|Any CPU = Debug|Any CPU
		Debug|x86 = Debug|x86
		Release|Any CPU = Release|Any CPU
		Release|x86 = Release|x86
		Release32bit|Any CPU = Release32bit|Any CPU
		Release32bit|x86 = Release32bit|x86
		Release-Mono|Any CPU = Release-Mono|Any CPU
		Release-Mono|x86 = Release-Mono|x86
	EndGlobalSection
	GlobalSection(ProjectConfigurationPlatforms) = postSolution
		{8D2A69DC-7A76-44B3-B976-C078AF604763}.Debug|Any CPU.ActiveCfg = Debug|Any CPU
		{8D2A69DC-7A76-44B3-B976-C078AF604763}.Debug|Any CPU.Build.0 = Debug|Any CPU
		{8D2A69DC-7A76-44B3-B976-C078AF604763}.Debug|x86.ActiveCfg = Debug|x86
		{8D2A69DC-7A76-44B3-B976-C078AF604763}.Debug|x86.Build.0 = Debug|x86
		{8D2A69DC-7A76-44B3-B976-C078AF604763}.Release|Any CPU.ActiveCfg = Release|Any CPU
		{8D2A69DC-7A76-44B3-B976-C078AF604763}.Release|Any CPU.Build.0 = Release|Any CPU
		{8D2A69DC-7A76-44B3-B976-C078AF604763}.Release|x86.ActiveCfg = Release|x86
		{8D2A69DC-7A76-44B3-B976-C078AF604763}.Release|x86.Build.0 = Release|x86
		{8D2A69DC-7A76-44B3-B976-C078AF604763}.Release32bit|Any CPU.ActiveCfg = Release32bit|Any CPU
		{8D2A69DC-7A76-44B3-B976-C078AF604763}.Release32bit|Any CPU.Build.0 = Release32bit|Any CPU
		{8D2A69DC-7A76-44B3-B976-C078AF604763}.Release32bit|x86.ActiveCfg = Release32bit|x86
		{8D2A69DC-7A76-44B3-B976-C078AF604763}.Release32bit|x86.Build.0 = Release32bit|x86
		{8D2A69DC-7A76-44B3-B976-C078AF604763}.Release-Mono|Any CPU.ActiveCfg = Release-Mono|Any CPU
		{8D2A69DC-7A76-44B3-B976-C078AF604763}.Release-Mono|Any CPU.Build.0 = Release-Mono|Any CPU
		{8D2A69DC-7A76-44B3-B976-C078AF604763}.Release-Mono|x86.ActiveCfg = Release-Mono|x86
		{8D2A69DC-7A76-44B3-B976-C078AF604763}.Release-Mono|x86.Build.0 = Release-Mono|x86
		{977BF459-F717-4C88-992E-D68159D95F45}.Debug|Any CPU.ActiveCfg = Debug|Any CPU
		{977BF459-F717-4C88-992E-D68159D95F45}.Debug|Any CPU.Build.0 = Debug|Any CPU
		{977BF459-F717-4C88-992E-D68159D95F45}.Debug|x86.ActiveCfg = Debug|x86
		{977BF459-F717-4C88-992E-D68159D95F45}.Debug|x86.Build.0 = Debug|x86
		{977BF459-F717-4C88-992E-D68159D95F45}.Release|Any CPU.ActiveCfg = Release|Any CPU
		{977BF459-F717-4C88-992E-D68159D95F45}.Release|Any CPU.Build.0 = Release|Any CPU
		{977BF459-F717-4C88-992E-D68159D95F45}.Release|x86.ActiveCfg = Release|x86
		{977BF459-F717-4C88-992E-D68159D95F45}.Release|x86.Build.0 = Release|x86
		{977BF459-F717-4C88-992E-D68159D95F45}.Release32bit|Any CPU.ActiveCfg = Release32bit|Any CPU
		{977BF459-F717-4C88-992E-D68159D95F45}.Release32bit|Any CPU.Build.0 = Release32bit|Any CPU
		{977BF459-F717-4C88-992E-D68159D95F45}.Release32bit|x86.ActiveCfg = Release32bit|x86
		{977BF459-F717-4C88-992E-D68159D95F45}.Release32bit|x86.Build.0 = Release32bit|x86
		{977BF459-F717-4C88-992E-D68159D95F45}.Release-Mono|Any CPU.ActiveCfg = Release|Any CPU
		{977BF459-F717-4C88-992E-D68159D95F45}.Release-Mono|Any CPU.Build.0 = Release|Any CPU
		{977BF459-F717-4C88-992E-D68159D95F45}.Release-Mono|x86.ActiveCfg = Release32bit|x86
		{977BF459-F717-4C88-992E-D68159D95F45}.Release-Mono|x86.Build.0 = Release32bit|x86
		{1EC4ED89-1035-436A-AF14-BE8771096052}.Debug|Any CPU.ActiveCfg = Debug
		{1EC4ED89-1035-436A-AF14-BE8771096052}.Debug|x86.ActiveCfg = Debug
		{1EC4ED89-1035-436A-AF14-BE8771096052}.Release|Any CPU.ActiveCfg = Release
		{1EC4ED89-1035-436A-AF14-BE8771096052}.Release|x86.ActiveCfg = Release32bit
		{1EC4ED89-1035-436A-AF14-BE8771096052}.Release|x86.Build.0 = Release32bit
		{1EC4ED89-1035-436A-AF14-BE8771096052}.Release32bit|Any CPU.ActiveCfg = Release32bit
		{1EC4ED89-1035-436A-AF14-BE8771096052}.Release32bit|x86.ActiveCfg = Release32bit
		{1EC4ED89-1035-436A-AF14-BE8771096052}.Release-Mono|Any CPU.ActiveCfg = Release
		{1EC4ED89-1035-436A-AF14-BE8771096052}.Release-Mono|x86.ActiveCfg = Release32bit
		{1EC4ED89-1035-436A-AF14-BE8771096052}.Release-Mono|x86.Build.0 = Release32bit
		{52254553-EF42-469A-BB19-700C9065338A}.Debug|Any CPU.ActiveCfg = Debug|Any CPU
		{52254553-EF42-469A-BB19-700C9065338A}.Debug|Any CPU.Build.0 = Debug|Any CPU
		{52254553-EF42-469A-BB19-700C9065338A}.Debug|x86.ActiveCfg = Debug|x86
		{52254553-EF42-469A-BB19-700C9065338A}.Debug|x86.Build.0 = Debug|x86
		{52254553-EF42-469A-BB19-700C9065338A}.Release|Any CPU.ActiveCfg = Release|Any CPU
		{52254553-EF42-469A-BB19-700C9065338A}.Release|Any CPU.Build.0 = Release|Any CPU
		{52254553-EF42-469A-BB19-700C9065338A}.Release|x86.ActiveCfg = Release|x86
		{52254553-EF42-469A-BB19-700C9065338A}.Release|x86.Build.0 = Release|x86
		{52254553-EF42-469A-BB19-700C9065338A}.Release32bit|Any CPU.ActiveCfg = Release32bit|Any CPU
		{52254553-EF42-469A-BB19-700C9065338A}.Release32bit|Any CPU.Build.0 = Release32bit|Any CPU
		{52254553-EF42-469A-BB19-700C9065338A}.Release32bit|x86.ActiveCfg = Release32bit|x86
		{52254553-EF42-469A-BB19-700C9065338A}.Release32bit|x86.Build.0 = Release32bit|x86
		{52254553-EF42-469A-BB19-700C9065338A}.Release32bit|x86.Deploy.0 = Release32bit|x86
		{52254553-EF42-469A-BB19-700C9065338A}.Release-Mono|Any CPU.ActiveCfg = Release|Any CPU
		{52254553-EF42-469A-BB19-700C9065338A}.Release-Mono|Any CPU.Build.0 = Release|Any CPU
		{52254553-EF42-469A-BB19-700C9065338A}.Release-Mono|x86.ActiveCfg = Release32bit|x86
		{52254553-EF42-469A-BB19-700C9065338A}.Release-Mono|x86.Build.0 = Release32bit|x86
		{80843646-B8DD-4BEE-8B8C-5E59E9900463}.Debug|Any CPU.ActiveCfg = Debug|Any CPU
		{80843646-B8DD-4BEE-8B8C-5E59E9900463}.Debug|Any CPU.Build.0 = Debug|Any CPU
		{80843646-B8DD-4BEE-8B8C-5E59E9900463}.Debug|x86.ActiveCfg = Debug|x86
		{80843646-B8DD-4BEE-8B8C-5E59E9900463}.Debug|x86.Build.0 = Debug|x86
		{80843646-B8DD-4BEE-8B8C-5E59E9900463}.Release|Any CPU.ActiveCfg = Release|Any CPU
		{80843646-B8DD-4BEE-8B8C-5E59E9900463}.Release|Any CPU.Build.0 = Release|Any CPU
		{80843646-B8DD-4BEE-8B8C-5E59E9900463}.Release|x86.ActiveCfg = Release|x86
		{80843646-B8DD-4BEE-8B8C-5E59E9900463}.Release|x86.Build.0 = Release|x86
		{80843646-B8DD-4BEE-8B8C-5E59E9900463}.Release32bit|Any CPU.ActiveCfg = Release32bit|Any CPU
		{80843646-B8DD-4BEE-8B8C-5E59E9900463}.Release32bit|Any CPU.Build.0 = Release32bit|Any CPU
		{80843646-B8DD-4BEE-8B8C-5E59E9900463}.Release32bit|x86.ActiveCfg = Release32bit|x86
		{80843646-B8DD-4BEE-8B8C-5E59E9900463}.Release32bit|x86.Build.0 = Release32bit|x86
		{80843646-B8DD-4BEE-8B8C-5E59E9900463}.Release-Mono|Any CPU.ActiveCfg = Release|Any CPU
		{80843646-B8DD-4BEE-8B8C-5E59E9900463}.Release-Mono|Any CPU.Build.0 = Release|Any CPU
		{80843646-B8DD-4BEE-8B8C-5E59E9900463}.Release-Mono|x86.ActiveCfg = Release32bit|x86
		{80843646-B8DD-4BEE-8B8C-5E59E9900463}.Release-Mono|x86.Build.0 = Release32bit|x86
		{B77F5428-BEB2-471B-972B-98EF3F0E963D}.Debug|Any CPU.ActiveCfg = Debug|Any CPU
		{B77F5428-BEB2-471B-972B-98EF3F0E963D}.Debug|Any CPU.Build.0 = Debug|Any CPU
		{B77F5428-BEB2-471B-972B-98EF3F0E963D}.Debug|x86.ActiveCfg = Debug|Any CPU
		{B77F5428-BEB2-471B-972B-98EF3F0E963D}.Release|Any CPU.ActiveCfg = Release|Any CPU
		{B77F5428-BEB2-471B-972B-98EF3F0E963D}.Release|Any CPU.Build.0 = Release|Any CPU
		{B77F5428-BEB2-471B-972B-98EF3F0E963D}.Release|x86.ActiveCfg = Release|Any CPU
		{B77F5428-BEB2-471B-972B-98EF3F0E963D}.Release|x86.Build.0 = Release|Any CPU
		{B77F5428-BEB2-471B-972B-98EF3F0E963D}.Release32bit|Any CPU.ActiveCfg = Release|Any CPU
		{B77F5428-BEB2-471B-972B-98EF3F0E963D}.Release32bit|Any CPU.Build.0 = Release|Any CPU
		{B77F5428-BEB2-471B-972B-98EF3F0E963D}.Release32bit|x86.ActiveCfg = Release32bit|x86
		{B77F5428-BEB2-471B-972B-98EF3F0E963D}.Release-Mono|Any CPU.ActiveCfg = Release|Any CPU
		{B77F5428-BEB2-471B-972B-98EF3F0E963D}.Release-Mono|Any CPU.Build.0 = Release|Any CPU
		{B77F5428-BEB2-471B-972B-98EF3F0E963D}.Release-Mono|x86.ActiveCfg = Release|Any CPU
		{9B2BAEA1-2E3E-47B6-8752-B827EBFD6350}.Debug|Any CPU.ActiveCfg = Debug|Any CPU
		{9B2BAEA1-2E3E-47B6-8752-B827EBFD6350}.Debug|Any CPU.Build.0 = Debug|Any CPU
		{9B2BAEA1-2E3E-47B6-8752-B827EBFD6350}.Debug|x86.ActiveCfg = Debug|Any CPU
		{9B2BAEA1-2E3E-47B6-8752-B827EBFD6350}.Release|Any CPU.ActiveCfg = Release|Any CPU
		{9B2BAEA1-2E3E-47B6-8752-B827EBFD6350}.Release|Any CPU.Build.0 = Release|Any CPU
		{9B2BAEA1-2E3E-47B6-8752-B827EBFD6350}.Release|x86.ActiveCfg = Release|Any CPU
		{9B2BAEA1-2E3E-47B6-8752-B827EBFD6350}.Release32bit|Any CPU.ActiveCfg = Release|Any CPU
		{9B2BAEA1-2E3E-47B6-8752-B827EBFD6350}.Release32bit|Any CPU.Build.0 = Release|Any CPU
		{9B2BAEA1-2E3E-47B6-8752-B827EBFD6350}.Release32bit|x86.ActiveCfg = Release32bit|x86
		{9B2BAEA1-2E3E-47B6-8752-B827EBFD6350}.Release-Mono|Any CPU.ActiveCfg = Release|Any CPU
		{9B2BAEA1-2E3E-47B6-8752-B827EBFD6350}.Release-Mono|Any CPU.Build.0 = Release|Any CPU
		{9B2BAEA1-2E3E-47B6-8752-B827EBFD6350}.Release-Mono|x86.ActiveCfg = Release|Any CPU
		{348405FA-5AAC-4F8B-BB47-211CAD2294AC}.Debug|Any CPU.ActiveCfg = Debug|Any CPU
		{348405FA-5AAC-4F8B-BB47-211CAD2294AC}.Debug|Any CPU.Build.0 = Debug|Any CPU
		{348405FA-5AAC-4F8B-BB47-211CAD2294AC}.Debug|x86.ActiveCfg = Debug|Any CPU
		{348405FA-5AAC-4F8B-BB47-211CAD2294AC}.Release|Any CPU.ActiveCfg = Release|Any CPU
		{348405FA-5AAC-4F8B-BB47-211CAD2294AC}.Release|Any CPU.Build.0 = Release|Any CPU
		{348405FA-5AAC-4F8B-BB47-211CAD2294AC}.Release|x86.ActiveCfg = Release|Any CPU
		{348405FA-5AAC-4F8B-BB47-211CAD2294AC}.Release|x86.Build.0 = Release|Any CPU
		{348405FA-5AAC-4F8B-BB47-211CAD2294AC}.Release32bit|Any CPU.ActiveCfg = Release|Any CPU
		{348405FA-5AAC-4F8B-BB47-211CAD2294AC}.Release32bit|Any CPU.Build.0 = Release|Any CPU
		{348405FA-5AAC-4F8B-BB47-211CAD2294AC}.Release32bit|x86.ActiveCfg = Release32bit|x86
		{348405FA-5AAC-4F8B-BB47-211CAD2294AC}.Release32bit|x86.Build.0 = Release32bit|x86
		{348405FA-5AAC-4F8B-BB47-211CAD2294AC}.Release-Mono|Any CPU.ActiveCfg = Release|Any CPU
		{348405FA-5AAC-4F8B-BB47-211CAD2294AC}.Release-Mono|Any CPU.Build.0 = Release|Any CPU
		{348405FA-5AAC-4F8B-BB47-211CAD2294AC}.Release-Mono|x86.ActiveCfg = Release|Any CPU
		{468ADEDE-6F5E-40C0-99C9-C6DAC4FAC934}.Debug|Any CPU.ActiveCfg = Debug|Any CPU
		{468ADEDE-6F5E-40C0-99C9-C6DAC4FAC934}.Debug|Any CPU.Build.0 = Debug|Any CPU
		{468ADEDE-6F5E-40C0-99C9-C6DAC4FAC934}.Debug|x86.ActiveCfg = Debug|Any CPU
		{468ADEDE-6F5E-40C0-99C9-C6DAC4FAC934}.Release|Any CPU.ActiveCfg = Release|Any CPU
		{468ADEDE-6F5E-40C0-99C9-C6DAC4FAC934}.Release|Any CPU.Build.0 = Release|Any CPU
		{468ADEDE-6F5E-40C0-99C9-C6DAC4FAC934}.Release|x86.ActiveCfg = Release|Any CPU
		{468ADEDE-6F5E-40C0-99C9-C6DAC4FAC934}.Release|x86.Build.0 = Release|Any CPU
		{468ADEDE-6F5E-40C0-99C9-C6DAC4FAC934}.Release32bit|Any CPU.ActiveCfg = Release|Any CPU
		{468ADEDE-6F5E-40C0-99C9-C6DAC4FAC934}.Release32bit|Any CPU.Build.0 = Release|Any CPU
		{468ADEDE-6F5E-40C0-99C9-C6DAC4FAC934}.Release32bit|x86.ActiveCfg = Release32bit|x86
		{468ADEDE-6F5E-40C0-99C9-C6DAC4FAC934}.Release32bit|x86.Build.0 = Release32bit|x86
		{468ADEDE-6F5E-40C0-99C9-C6DAC4FAC934}.Release-Mono|Any CPU.ActiveCfg = Release|Any CPU
		{468ADEDE-6F5E-40C0-99C9-C6DAC4FAC934}.Release-Mono|Any CPU.Build.0 = Release|Any CPU
		{468ADEDE-6F5E-40C0-99C9-C6DAC4FAC934}.Release-Mono|x86.ActiveCfg = Release|Any CPU
		{2868122B-8E2D-4B0F-8B1E-21A099A6FACA}.Debug|Any CPU.ActiveCfg = Debug|Any CPU
		{2868122B-8E2D-4B0F-8B1E-21A099A6FACA}.Debug|x86.ActiveCfg = Debug|Any CPU
		{2868122B-8E2D-4B0F-8B1E-21A099A6FACA}.Release|Any CPU.ActiveCfg = Release|Any CPU
		{2868122B-8E2D-4B0F-8B1E-21A099A6FACA}.Release|x86.ActiveCfg = Release|Any CPU
		{2868122B-8E2D-4B0F-8B1E-21A099A6FACA}.Release32bit|Any CPU.ActiveCfg = Release|Any CPU
		{2868122B-8E2D-4B0F-8B1E-21A099A6FACA}.Release32bit|x86.ActiveCfg = Release|Any CPU
		{2868122B-8E2D-4B0F-8B1E-21A099A6FACA}.Release-Mono|Any CPU.ActiveCfg = Release|Any CPU
		{2868122B-8E2D-4B0F-8B1E-21A099A6FACA}.Release-Mono|x86.ActiveCfg = Release|Any CPU
		{0CD98102-1592-44C2-9D82-88DD484F9A60}.Debug|Any CPU.ActiveCfg = Debug|Any CPU
		{0CD98102-1592-44C2-9D82-88DD484F9A60}.Debug|Any CPU.Build.0 = Debug|Any CPU
		{0CD98102-1592-44C2-9D82-88DD484F9A60}.Debug|x86.ActiveCfg = Debug|Any CPU
		{0CD98102-1592-44C2-9D82-88DD484F9A60}.Debug|x86.Build.0 = Debug|Any CPU
		{0CD98102-1592-44C2-9D82-88DD484F9A60}.Release|Any CPU.ActiveCfg = Release|Any CPU
		{0CD98102-1592-44C2-9D82-88DD484F9A60}.Release|Any CPU.Build.0 = Release|Any CPU
		{0CD98102-1592-44C2-9D82-88DD484F9A60}.Release|x86.ActiveCfg = Release|Any CPU
		{0CD98102-1592-44C2-9D82-88DD484F9A60}.Release|x86.Build.0 = Release|Any CPU
		{0CD98102-1592-44C2-9D82-88DD484F9A60}.Release32bit|Any CPU.ActiveCfg = Release|Any CPU
		{0CD98102-1592-44C2-9D82-88DD484F9A60}.Release32bit|Any CPU.Build.0 = Release|Any CPU
		{0CD98102-1592-44C2-9D82-88DD484F9A60}.Release32bit|x86.ActiveCfg = Release|Any CPU
		{0CD98102-1592-44C2-9D82-88DD484F9A60}.Release32bit|x86.Build.0 = Release|Any CPU
		{0CD98102-1592-44C2-9D82-88DD484F9A60}.Release-Mono|Any CPU.ActiveCfg = Release|Any CPU
		{0CD98102-1592-44C2-9D82-88DD484F9A60}.Release-Mono|Any CPU.Build.0 = Release|Any CPU
		{0CD98102-1592-44C2-9D82-88DD484F9A60}.Release-Mono|x86.ActiveCfg = Release|Any CPU
		{0CD98102-1592-44C2-9D82-88DD484F9A60}.Release-Mono|x86.Build.0 = Release|Any CPU
		{DEC59EAE-A7D4-4693-A805-31BA9680A527}.Debug|Any CPU.ActiveCfg = Debug|Any CPU
		{DEC59EAE-A7D4-4693-A805-31BA9680A527}.Debug|Any CPU.Build.0 = Debug|Any CPU
		{DEC59EAE-A7D4-4693-A805-31BA9680A527}.Debug|x86.ActiveCfg = Debug|Any CPU
		{DEC59EAE-A7D4-4693-A805-31BA9680A527}.Debug|x86.Build.0 = Debug|Any CPU
		{DEC59EAE-A7D4-4693-A805-31BA9680A527}.Release|Any CPU.ActiveCfg = Release|Any CPU
		{DEC59EAE-A7D4-4693-A805-31BA9680A527}.Release|Any CPU.Build.0 = Release|Any CPU
		{DEC59EAE-A7D4-4693-A805-31BA9680A527}.Release|x86.ActiveCfg = Release|Any CPU
		{DEC59EAE-A7D4-4693-A805-31BA9680A527}.Release|x86.Build.0 = Release|Any CPU
		{DEC59EAE-A7D4-4693-A805-31BA9680A527}.Release32bit|Any CPU.ActiveCfg = Release|Any CPU
		{DEC59EAE-A7D4-4693-A805-31BA9680A527}.Release32bit|Any CPU.Build.0 = Release|Any CPU
		{DEC59EAE-A7D4-4693-A805-31BA9680A527}.Release32bit|x86.ActiveCfg = Release|Any CPU
		{DEC59EAE-A7D4-4693-A805-31BA9680A527}.Release32bit|x86.Build.0 = Release|Any CPU
		{DEC59EAE-A7D4-4693-A805-31BA9680A527}.Release-Mono|Any CPU.ActiveCfg = Release|Any CPU
		{DEC59EAE-A7D4-4693-A805-31BA9680A527}.Release-Mono|Any CPU.Build.0 = Release|Any CPU
		{DEC59EAE-A7D4-4693-A805-31BA9680A527}.Release-Mono|x86.ActiveCfg = Release|Any CPU
		{DEC59EAE-A7D4-4693-A805-31BA9680A527}.Release-Mono|x86.Build.0 = Release|Any CPU
	EndGlobalSection
	GlobalSection(SolutionProperties) = preSolution
		HideSolutionNode = FALSE
	EndGlobalSection
	GlobalSection(ExtensibilityGlobals) = postSolution
		SolutionGuid = {2DF952D5-BFA5-42C1-872D-80EA463861EF}
	EndGlobalSection
	GlobalSection(TestCaseManagementSettings) = postSolution
		CategoryFile = GekkoCS.vsmdi
	EndGlobalSection
EndGlobal
